
Microsoft Visual Studio Solution File, Format Version 12.00
# Visual Studio 15
VisualStudioVersion = 15.0.27004.2005
MinimumVisualStudioVersion = 10.0.40219.1
Project("{FAE04EC0-301F-11D3-BF4B-00C04F79EFBC}") = "Yuxi.Frameworks.Repository", "Yuxi.Frameworks.Repository\Yuxi.Frameworks.Repository.csproj", "{9DD7957F-E3F2-4484-91F4-C7C9A33505D2}"
EndProject
Project("{FAE04EC0-301F-11D3-BF4B-00C04F79EFBC}") = "Yuxi.Frameworks.Specification", "Yuxi.Frameworks.Specification\Yuxi.Frameworks.Specification.csproj", "{11861D0C-4E58-465B-8A45-B63BEC924F95}"
EndProject
Project("{FAE04EC0-301F-11D3-BF4B-00C04F79EFBC}") = "Yuxi.Frameworks.Tests", "Yuxi.Frameworks.Tests\Yuxi.Frameworks.Tests.csproj", "{866A901C-17BD-4822-8BC5-F13D7AE67304}"
EndProject
Project("{9A19103F-16F7-4668-BE54-9A1E7A4F7556}") = "Yuxi.Frameworks.Specification.Standard", "Yuxi.Frameworks.Specification.Standard\Yuxi.Frameworks.Specification.Standard.csproj", "{3BD030D6-6FB7-4E54-B23A-A7618A1089D9}"
EndProject
Project("{9A19103F-16F7-4668-BE54-9A1E7A4F7556}") = "Yuxi.Frameworks.Repository.Standard", "Yuxi.Frameworks.Repository.Standard\Yuxi.Frameworks.Repository.Standard.csproj", "{E46A910F-471D-4798-B108-8D129BC91684}"
EndProject
Global
	GlobalSection(SolutionConfigurationPlatforms) = preSolution
		Debug|Any CPU = Debug|Any CPU
		Release|Any CPU = Release|Any CPU
	EndGlobalSection
	GlobalSection(ProjectConfigurationPlatforms) = postSolution
		{9DD7957F-E3F2-4484-91F4-C7C9A33505D2}.Debug|Any CPU.ActiveCfg = Debug|Any CPU
		{9DD7957F-E3F2-4484-91F4-C7C9A33505D2}.Debug|Any CPU.Build.0 = Debug|Any CPU
		{9DD7957F-E3F2-4484-91F4-C7C9A33505D2}.Release|Any CPU.ActiveCfg = Release|Any CPU
		{9DD7957F-E3F2-4484-91F4-C7C9A33505D2}.Release|Any CPU.Build.0 = Release|Any CPU
		{11861D0C-4E58-465B-8A45-B63BEC924F95}.Debug|Any CPU.ActiveCfg = Debug|Any CPU
		{11861D0C-4E58-465B-8A45-B63BEC924F95}.Debug|Any CPU.Build.0 = Debug|Any CPU
		{11861D0C-4E58-465B-8A45-B63BEC924F95}.Release|Any CPU.ActiveCfg = Release|Any CPU
		{11861D0C-4E58-465B-8A45-B63BEC924F95}.Release|Any CPU.Build.0 = Release|Any CPU
		{866A901C-17BD-4822-8BC5-F13D7AE67304}.Debug|Any CPU.ActiveCfg = Debug|Any CPU
		{866A901C-17BD-4822-8BC5-F13D7AE67304}.Debug|Any CPU.Build.0 = Debug|Any CPU
		{866A901C-17BD-4822-8BC5-F13D7AE67304}.Release|Any CPU.ActiveCfg = Release|Any CPU
		{866A901C-17BD-4822-8BC5-F13D7AE67304}.Release|Any CPU.Build.0 = Release|Any CPU
		{3BD030D6-6FB7-4E54-B23A-A7618A1089D9}.Debug|Any CPU.ActiveCfg = Debug|Any CPU
		{3BD030D6-6FB7-4E54-B23A-A7618A1089D9}.Debug|Any CPU.Build.0 = Debug|Any CPU
		{3BD030D6-6FB7-4E54-B23A-A7618A1089D9}.Release|Any CPU.ActiveCfg = Release|Any CPU
		{3BD030D6-6FB7-4E54-B23A-A7618A1089D9}.Release|Any CPU.Build.0 = Release|Any CPU
		{E46A910F-471D-4798-B108-8D129BC91684}.Debug|Any CPU.ActiveCfg = Debug|Any CPU
		{E46A910F-471D-4798-B108-8D129BC91684}.Debug|Any CPU.Build.0 = Debug|Any CPU
		{E46A910F-471D-4798-B108-8D129BC91684}.Release|Any CPU.ActiveCfg = Release|Any CPU
		{E46A910F-471D-4798-B108-8D129BC91684}.Release|Any CPU.Build.0 = Release|Any CPU
	EndGlobalSection
	GlobalSection(SolutionProperties) = preSolution
		HideSolutionNode = FALSE
	EndGlobalSection
	GlobalSection(ExtensibilityGlobals) = postSolution
		SolutionGuid = {D057E3C6-5A09-427D-BD3D-E6805F448725}
	EndGlobalSection
EndGlobal
